
Microsoft Visual Studio Solution File, Format Version 12.00
# Visual Studio Version 16
VisualStudioVersion = 16.0.29020.237
MinimumVisualStudioVersion = 10.0.40219.1
Project("{FAE04EC0-301F-11D3-BF4B-00C04F79EFBC}") = "Cs483.ConsoleApp", "Cs483.ConsoleApp\Cs483.ConsoleApp.csproj", "{806C83BD-D6C7-462A-9C33-398F77B5F2B0}"
EndProject
Global
	GlobalSection(SolutionConfigurationPlatforms) = preSolution
		Debug|Any CPU = Debug|Any CPU
		Release|Any CPU = Release|Any CPU
	EndGlobalSection
	GlobalSection(ProjectConfigurationPlatforms) = postSolution
		{806C83BD-D6C7-462A-9C33-398F77B5F2B0}.Debug|Any CPU.ActiveCfg = Debug|Any CPU
		{806C83BD-D6C7-462A-9C33-398F77B5F2B0}.Debug|Any CPU.Build.0 = Debug|Any CPU
		{806C83BD-D6C7-462A-9C33-398F77B5F2B0}.Release|Any CPU.ActiveCfg = Release|Any CPU
		{806C83BD-D6C7-462A-9C33-398F77B5F2B0}.Release|Any CPU.Build.0 = Release|Any CPU
	EndGlobalSection
	GlobalSection(SolutionProperties) = preSolution
		HideSolutionNode = FALSE
	EndGlobalSection
	GlobalSection(ExtensibilityGlobals) = postSolution
		SolutionGuid = {E47A3474-BD47-4EF3-B319-D3A1C4244D2C}
	EndGlobalSection
EndGlobal
